{
  "name": "portfolio",
  "version": "1.0.0",
  "lockfileVersion": 1,
  "requires": true,
  "dependencies": {
    "animated-scroll-to": {
      "version": "2.0.5",
      "resolved": "https://registry.npmjs.org/animated-scroll-to/-/animated-scroll-to-2.0.5.tgz",
      "integrity": "sha512-xDZY/geNZSJj99xftr8uAAJpp6k6yI8mdBNp8HM1LTwmeebaw4EjkHL8y0PtsuZg9/UG9tUNn2JqaZxEfzJxLw=="
    }
  }
}
